{
  "name": "CS4347_Database_Project",
  "lockfileVersion": 3,
  "requires": true,
  "packages": {
    "": {
      "dependencies": {
        "yfinance": "^0.0.6"
      }
    },
    "node_modules/yfinance": {
      "version": "0.0.6",
      "resolved": "https://registry.npmjs.org/yfinance/-/yfinance-0.0.6.tgz",
      "integrity": "sha512-EcJrrcX+ZCpbhouGO6s5y7XRUHGBwFY19PKtUJ17vg1L0dSK2N59Ns0A/ZfLtpWC8WatWjen6gE+KW51bxthsA=="
    }
  }
}
